
Microsoft Visual Studio Solution File, Format Version 12.00
# Visual Studio 14
VisualStudioVersion = 14.0.25123.0
MinimumVisualStudioVersion = 10.0.40219.1
Project("{FAE04EC0-301F-11D3-BF4B-00C04F79EFBC}") = "Task13_EntityFramework", "Task13_EntityFramework\Task13_EntityFramework.csproj", "{A754A60C-5EAF-4F73-8086-36EDD21DE11F}"
EndProject
Project("{FAE04EC0-301F-11D3-BF4B-00C04F79EFBC}") = "EntityFramework_Code-First", "EntityFramework_Code-First\EntityFramework_Code-First.csproj", "{6983CAB2-7055-4FD4-81D6-3EFC7901229A}"
EndProject
Global
	GlobalSection(SolutionConfigurationPlatforms) = preSolution
		Debug|Any CPU = Debug|Any CPU
		Release|Any CPU = Release|Any CPU
	EndGlobalSection
	GlobalSection(ProjectConfigurationPlatforms) = postSolution
		{A754A60C-5EAF-4F73-8086-36EDD21DE11F}.Debug|Any CPU.ActiveCfg = Debug|Any CPU
		{A754A60C-5EAF-4F73-8086-36EDD21DE11F}.Debug|Any CPU.Build.0 = Debug|Any CPU
		{A754A60C-5EAF-4F73-8086-36EDD21DE11F}.Release|Any CPU.ActiveCfg = Release|Any CPU
		{A754A60C-5EAF-4F73-8086-36EDD21DE11F}.Release|Any CPU.Build.0 = Release|Any CPU
		{6983CAB2-7055-4FD4-81D6-3EFC7901229A}.Debug|Any CPU.ActiveCfg = Debug|Any CPU
		{6983CAB2-7055-4FD4-81D6-3EFC7901229A}.Debug|Any CPU.Build.0 = Debug|Any CPU
		{6983CAB2-7055-4FD4-81D6-3EFC7901229A}.Release|Any CPU.ActiveCfg = Release|Any CPU
		{6983CAB2-7055-4FD4-81D6-3EFC7901229A}.Release|Any CPU.Build.0 = Release|Any CPU
	EndGlobalSection
	GlobalSection(SolutionProperties) = preSolution
		HideSolutionNode = FALSE
	EndGlobalSection
EndGlobal
